// !$*UTF8*$!
{
	archiveVersion = 1;
	classes = {
	};
	objectVersion = 77;
	objects = {

/* Begin PBXBuildFile section */
		AA1B2C3D4E5F6A7B8C9D0E1F /* Assets.xcassets in Resources */ = {isa = PBXBuildFile; fileRef = BB1B2C3D4E5F6A7B8C9D0E1F /* Assets.xcassets */; };
		1013ABD9E4D0AA94681CA5C2 /* HotkeyBinding.swift in Sources */ = {isa = PBXBuildFile; fileRef = 833D88BC5E2AE255BF38676F /* HotkeyBinding.swift */; };
		14D8AD41D86292DEF8A80069 /* HotkeyManager.swift in Sources */ = {isa = PBXBuildFile; fileRef = 186CF5E9FC8B49EF4EAA32C9 /* HotkeyManager.swift */; };
		394E04C465DEA43134A929E5 /* SnapZone.swift in Sources */ = {isa = PBXBuildFile; fileRef = 9B067E9B5CFD76FF4C22448E /* SnapZone.swift */; };
		397911BD6D2E5E9DA63FF7FF /* MenuBarManager.swift in Sources */ = {isa = PBXBuildFile; fileRef = 9FD84C570CC896DD0671A7E0 /* MenuBarManager.swift */; };
		3E2760ECDD8A9242CE3D1CAE /* AppDelegate.swift in Sources */ = {isa = PBXBuildFile; fileRef = 13CC0EAD63877C18783970AE /* AppDelegate.swift */; };
		4E88D2E9504F837B1650A0D7 /* WindowController.swift in Sources */ = {isa = PBXBuildFile; fileRef = EDDDCC0463972EE4CBF15250 /* WindowController.swift */; };
		5EF556E375F2DCD5A7EA3388 /* ShortcutsWindowController.swift in Sources */ = {isa = PBXBuildFile; fileRef = 556D228F9D17473F826FC626 /* ShortcutsWindowController.swift */; };
		71DBB2DD159D2F4326949029 /* Carbon.framework in Frameworks */ = {isa = PBXBuildFile; fileRef = 0088BFE5359D2506D06DA75C /* Carbon.framework */; };
		A8FC7C30FCAFAF4BEEE80FB1 /* PreferencesWindowController.swift in Sources */ = {isa = PBXBuildFile; fileRef = 97908DCEDF4E9708FB511331 /* PreferencesWindowController.swift */; };
		B3946A39A6C4D81DDD813D35 /* OverlayWindowManager.swift in Sources */ = {isa = PBXBuildFile; fileRef = 9042140A557269ADF852EDAE /* OverlayWindowManager.swift */; };
		BA18890509AAC7AEF0081F46 /* EventMonitor.swift in Sources */ = {isa = PBXBuildFile; fileRef = 9A6D4A7DBC80D9822984B81B /* EventMonitor.swift */; };
		C3B63802139DDBB467F187D6 /* AppSettings.swift in Sources */ = {isa = PBXBuildFile; fileRef = 0B296675C182BBF34F6469EB /* AppSettings.swift */; };
		E4DD2FFE1B89135D314B571E /* SnapZoneDetector.swift in Sources */ = {isa = PBXBuildFile; fileRef = C87AAE7BBDCB869FDBB8095A /* SnapZoneDetector.swift */; };
/* End PBXBuildFile section */

/* Begin PBXFileReference section */
		0088BFE5359D2506D06DA75C /* Carbon.framework */ = {isa = PBXFileReference; lastKnownFileType = wrapper.framework; name = Carbon.framework; path = System/Library/Frameworks/Carbon.framework; sourceTree = SDKROOT; };
		0B296675C182BBF34F6469EB /* AppSettings.swift */ = {isa = PBXFileReference; lastKnownFileType = sourcecode.swift; path = AppSettings.swift; sourceTree = "<group>"; };
		13CC0EAD63877C18783970AE /* AppDelegate.swift */ = {isa = PBXFileReference; lastKnownFileType = sourcecode.swift; path = AppDelegate.swift; sourceTree = "<group>"; };
		186CF5E9FC8B49EF4EAA32C9 /* HotkeyManager.swift */ = {isa = PBXFileReference; lastKnownFileType = sourcecode.swift; path = HotkeyManager.swift; sourceTree = "<group>"; };
		556D228F9D17473F826FC626 /* ShortcutsWindowController.swift */ = {isa = PBXFileReference; lastKnownFileType = sourcecode.swift; path = ShortcutsWindowController.swift; sourceTree = "<group>"; };
		833D88BC5E2AE255BF38676F /* HotkeyBinding.swift */ = {isa = PBXFileReference; lastKnownFileType = sourcecode.swift; path = HotkeyBinding.swift; sourceTree = "<group>"; };
		8B2E3E01CA2A5973AE7FE0B4 /* Info.plist */ = {isa = PBXFileReference; lastKnownFileType = text.plist; path = Info.plist; sourceTree = "<group>"; };
		9042140A557269ADF852EDAE /* OverlayWindowManager.swift */ = {isa = PBXFileReference; lastKnownFileType = sourcecode.swift; path = OverlayWindowManager.swift; sourceTree = "<group>"; };
		97908DCEDF4E9708FB511331 /* PreferencesWindowController.swift */ = {isa = PBXFileReference; lastKnownFileType = sourcecode.swift; path = PreferencesWindowController.swift; sourceTree = "<group>"; };
		9A6D4A7DBC80D9822984B81B /* EventMonitor.swift */ = {isa = PBXFileReference; lastKnownFileType = sourcecode.swift; path = EventMonitor.swift; sourceTree = "<group>"; };
		9B067E9B5CFD76FF4C22448E /* SnapZone.swift */ = {isa = PBXFileReference; lastKnownFileType = sourcecode.swift; path = SnapZone.swift; sourceTree = "<group>"; };
		9FD84C570CC896DD0671A7E0 /* MenuBarManager.swift */ = {isa = PBXFileReference; lastKnownFileType = sourcecode.swift; path = MenuBarManager.swift; sourceTree = "<group>"; };
		C87AAE7BBDCB869FDBB8095A /* SnapZoneDetector.swift */ = {isa = PBXFileReference; lastKnownFileType = sourcecode.swift; path = SnapZoneDetector.swift; sourceTree = "<group>"; };
		E409B31343675F1D174929B2 /* SnapMaster.app */ = {isa = PBXFileReference; explicitFileType = wrapper.application; includeInIndex = 0; path = SnapMaster.app; sourceTree = BUILT_PRODUCTS_DIR; };
		BB1B2C3D4E5F6A7B8C9D0E1F /* Assets.xcassets */ = {isa = PBXFileReference; lastKnownFileType = folder.assetcatalog; path = Assets.xcassets; sourceTree = "<group>"; };
		EDDDCC0463972EE4CBF15250 /* WindowController.swift */ = {isa = PBXFileReference; lastKnownFileType = sourcecode.swift; path = WindowController.swift; sourceTree = "<group>"; };
/* End PBXFileReference section */

/* Begin PBXFrameworksBuildPhase section */
		8E2458CF9E6C2F1DB5AD727F /* Frameworks */ = {
			isa = PBXFrameworksBuildPhase;
			buildActionMask = 2147483647;
			files = (
				71DBB2DD159D2F4326949029 /* Carbon.framework in Frameworks */,
			);
			runOnlyForDeploymentPostprocessing = 0;
		};
/* End PBXFrameworksBuildPhase section */

/* Begin PBXResourcesBuildPhase section */
		CC1B2C3D4E5F6A7B8C9D0E1F /* Resources */ = {
			isa = PBXResourcesBuildPhase;
			buildActionMask = 2147483647;
			files = (
				AA1B2C3D4E5F6A7B8C9D0E1F /* Assets.xcassets in Resources */,
			);
			runOnlyForDeploymentPostprocessing = 0;
		};
/* End PBXResourcesBuildPhase section */

/* Begin PBXGroup section */
		4C4CBD54C39B833AF94BEC95 /* Products */ = {
			isa = PBXGroup;
			children = (
				E409B31343675F1D174929B2 /* SnapMaster.app */,
			);
			name = Products;
			sourceTree = "<group>";
		};
		6144A05D5E7E2E48DDDF9851 /* SnapMaster */ = {
			isa = PBXGroup;
			children = (
				BB1B2C3D4E5F6A7B8C9D0E1F /* Assets.xcassets */,
				13CC0EAD63877C18783970AE /* AppDelegate.swift */,
				0B296675C182BBF34F6469EB /* AppSettings.swift */,
				9A6D4A7DBC80D9822984B81B /* EventMonitor.swift */,
				833D88BC5E2AE255BF38676F /* HotkeyBinding.swift */,
				186CF5E9FC8B49EF4EAA32C9 /* HotkeyManager.swift */,
				8B2E3E01CA2A5973AE7FE0B4 /* Info.plist */,
				9FD84C570CC896DD0671A7E0 /* MenuBarManager.swift */,
				9042140A557269ADF852EDAE /* OverlayWindowManager.swift */,
				97908DCEDF4E9708FB511331 /* PreferencesWindowController.swift */,
				556D228F9D17473F826FC626 /* ShortcutsWindowController.swift */,
				9B067E9B5CFD76FF4C22448E /* SnapZone.swift */,
				C87AAE7BBDCB869FDBB8095A /* SnapZoneDetector.swift */,
				EDDDCC0463972EE4CBF15250 /* WindowController.swift */,
			);
			path = SnapMaster;
			sourceTree = "<group>";
		};
		78C6DF955EED2E4ED06E1A3F = {
			isa = PBXGroup;
			children = (
				6144A05D5E7E2E48DDDF9851 /* SnapMaster */,
				B39922A6CEBAB41B25C6C110 /* Frameworks */,
				4C4CBD54C39B833AF94BEC95 /* Products */,
			);
			sourceTree = "<group>";
		};
		B39922A6CEBAB41B25C6C110 /* Frameworks */ = {
			isa = PBXGroup;
			children = (
				0088BFE5359D2506D06DA75C /* Carbon.framework */,
			);
			name = Frameworks;
			sourceTree = "<group>";
		};
/* End PBXGroup section */

/* Begin PBXNativeTarget section */
		73F48EFD54FF61F0173B05FB /* SnapMaster */ = {
			isa = PBXNativeTarget;
			buildConfigurationList = 5D13C70F4A7799B6AD694F88 /* Build configuration list for PBXNativeTarget "SnapMaster" */;
			buildPhases = (
				707F5DC567B60219BD2264D1 /* Sources */,
				8E2458CF9E6C2F1DB5AD727F /* Frameworks */,
				CC1B2C3D4E5F6A7B8C9D0E1F /* Resources */,
			);
			buildRules = (
			);
			dependencies = (
			);
			name = SnapMaster;
			packageProductDependencies = (
			);
			productName = SnapMaster;
			productReference = E409B31343675F1D174929B2 /* SnapMaster.app */;
			productType = "com.apple.product-type.application";
		};
/* End PBXNativeTarget section */

/* Begin PBXProject section */
		4D89A073F5D37298AA6E55DD /* Project object */ = {
			isa = PBXProject;
			attributes = {
				BuildIndependentTargetsInParallel = YES;
				LastUpgradeCheck = 1430;
				TargetAttributes = {
					73F48EFD54FF61F0173B05FB = {
						ProvisioningStyle = Automatic;
					};
				};
			};
			buildConfigurationList = FC4E6955F25DDE6A43AAC740 /* Build configuration list for PBXProject "SnapMaster" */;
			developmentRegion = en;
			hasScannedForEncodings = 0;
			knownRegions = (
				Base,
				en,
			);
			mainGroup = 78C6DF955EED2E4ED06E1A3F;
			minimizedProjectReferenceProxies = 1;
			preferredProjectObjectVersion = 77;
			productRefGroup = 4C4CBD54C39B833AF94BEC95 /* Products */;
			projectDirPath = "";
			projectRoot = "";
			targets = (
				73F48EFD54FF61F0173B05FB /* SnapMaster */,
			);
		};
/* End PBXProject section */

/* Begin PBXSourcesBuildPhase section */
		707F5DC567B60219BD2264D1 /* Sources */ = {
			isa = PBXSourcesBuildPhase;
			buildActionMask = 2147483647;
			files = (
				3E2760ECDD8A9242CE3D1CAE /* AppDelegate.swift in Sources */,
				C3B63802139DDBB467F187D6 /* AppSettings.swift in Sources */,
				BA18890509AAC7AEF0081F46 /* EventMonitor.swift in Sources */,
				1013ABD9E4D0AA94681CA5C2 /* HotkeyBinding.swift in Sources */,
				14D8AD41D86292DEF8A80069 /* HotkeyManager.swift in Sources */,
				397911BD6D2E5E9DA63FF7FF /* MenuBarManager.swift in Sources */,
				B3946A39A6C4D81DDD813D35 /* OverlayWindowManager.swift in Sources */,
				A8FC7C30FCAFAF4BEEE80FB1 /* PreferencesWindowController.swift in Sources */,
				5EF556E375F2DCD5A7EA3388 /* ShortcutsWindowController.swift in Sources */,
				394E04C465DEA43134A929E5 /* SnapZone.swift in Sources */,
				E4DD2FFE1B89135D314B571E /* SnapZoneDetector.swift in Sources */,
				4E88D2E9504F837B1650A0D7 /* WindowController.swift in Sources */,
			);
			runOnlyForDeploymentPostprocessing = 0;
		};
/* End PBXSourcesBuildPhase section */

/* Begin XCBuildConfiguration section */
		0E07D43E007024461A6680A8 /* Release */ = {
			isa = XCBuildConfiguration;
			buildSettings = {
				ALWAYS_SEARCH_USER_PATHS = NO;
				CLANG_ANALYZER_NONNULL = YES;
				CLANG_ANALYZER_NUMBER_OBJECT_CONVERSION = YES_AGGRESSIVE;
				CLANG_CXX_LANGUAGE_STANDARD = "gnu++14";
				CLANG_CXX_LIBRARY = "libc++";
				CLANG_ENABLE_MODULES = YES;
				CLANG_ENABLE_OBJC_ARC = YES;
				CLANG_ENABLE_OBJC_WEAK = YES;
				CLANG_WARN_BLOCK_CAPTURE_AUTORELEASING = YES;
				CLANG_WARN_BOOL_CONVERSION = YES;
				CLANG_WARN_COMMA = YES;
				CLANG_WARN_CONSTANT_CONVERSION = YES;
				CLANG_WARN_DEPRECATED_OBJC_IMPLEMENTATIONS = YES;
				CLANG_WARN_DIRECT_OBJC_ISA_USAGE = YES_ERROR;
				CLANG_WARN_DOCUMENTATION_COMMENTS = YES;
				CLANG_WARN_EMPTY_BODY = YES;
				CLANG_WARN_ENUM_CONVERSION = YES;
				CLANG_WARN_INFINITE_RECURSION = YES;
				CLANG_WARN_INT_CONVERSION = YES;
				CLANG_WARN_NON_LITERAL_NULL_CONVERSION = YES;
				CLANG_WARN_OBJC_IMPLICIT_RETAIN_SELF = YES;
				CLANG_WARN_OBJC_LITERAL_CONVERSION = YES;
				CLANG_WARN_OBJC_ROOT_CLASS = YES_ERROR;
				CLANG_WARN_QUOTED_INCLUDE_IN_FRAMEWORK_HEADER = YES;
				CLANG_WARN_RANGE_LOOP_ANALYSIS = YES;
				CLANG_WARN_STRICT_PROTOTYPES = YES;
				CLANG_WARN_SUSPICIOUS_MOVE = YES;
				CLANG_WARN_UNGUARDED_AVAILABILITY = YES_AGGRESSIVE;
				CLANG_WARN_UNREACHABLE_CODE = YES;
				CLANG_WARN__DUPLICATE_METHOD_MATCH = YES;
				COPY_PHASE_STRIP = NO;
				CURRENT_PROJECT_VERSION = 1;
				DEBUG_INFORMATION_FORMAT = "dwarf-with-dsym";
				ENABLE_NS_ASSERTIONS = NO;
				ENABLE_STRICT_OBJC_MSGSEND = YES;
				GCC_C_LANGUAGE_STANDARD = gnu11;
				GCC_NO_COMMON_BLOCKS = YES;
				GCC_WARN_64_TO_32_BIT_CONVERSION = YES;
				GCC_WARN_ABOUT_RETURN_TYPE = YES_ERROR;
				GCC_WARN_UNDECLARED_SELECTOR = YES;
				GCC_WARN_UNINITIALIZED_AUTOS = YES_AGGRESSIVE;
				GCC_WARN_UNUSED_FUNCTION = YES;
				GCC_WARN_UNUSED_VARIABLE = YES;
				MACOSX_DEPLOYMENT_TARGET = 13.0;
				MARKETING_VERSION = 1.0.0;
				MTL_ENABLE_DEBUG_INFO = NO;
				MTL_FAST_MATH = YES;
				PRODUCT_BUNDLE_IDENTIFIER = com.smoothmac.snapmaster;
				PRODUCT_NAME = "$(TARGET_NAME)";
				SDKROOT = macosx;
				SWIFT_COMPILATION_MODE = wholemodule;
				SWIFT_OPTIMIZATION_LEVEL = "-O";
				SWIFT_VERSION = 5.9;
			};
			name = Release;
		};
		29E540693FD06223C64128EB /* Debug */ = {
			isa = XCBuildConfiguration;
			buildSettings = {
				ASSETCATALOG_COMPILER_APPICON_NAME = AppIcon;
				CODE_SIGN_ENTITLEMENTS = SnapMaster/SnapMaster.entitlements;
				CODE_SIGN_STYLE = Automatic;
				COMBINE_HIDPI_IMAGES = YES;
				ENABLE_APP_SANDBOX = YES;
				ENABLE_HARDENED_RUNTIME = YES;
				INFOPLIST_FILE = SnapMaster/Info.plist;
				LD_RUNPATH_SEARCH_PATHS = (
					"$(inherited)",
					"@executable_path/../Frameworks",
				);
				SDKROOT = macosx;
			};
			name = Debug;
		};
		A8D9D60BBE1EBE9755C11DFA /* Debug */ = {
			isa = XCBuildConfiguration;
			buildSettings = {
				ALWAYS_SEARCH_USER_PATHS = NO;
				CLANG_ANALYZER_NONNULL = YES;
				CLANG_ANALYZER_NUMBER_OBJECT_CONVERSION = YES_AGGRESSIVE;
				CLANG_CXX_LANGUAGE_STANDARD = "gnu++14";
				CLANG_CXX_LIBRARY = "libc++";
				CLANG_ENABLE_MODULES = YES;
				CLANG_ENABLE_OBJC_ARC = YES;
				CLANG_ENABLE_OBJC_WEAK = YES;
				CLANG_WARN_BLOCK_CAPTURE_AUTORELEASING = YES;
				CLANG_WARN_BOOL_CONVERSION = YES;
				CLANG_WARN_COMMA = YES;
				CLANG_WARN_CONSTANT_CONVERSION = YES;
				CLANG_WARN_DEPRECATED_OBJC_IMPLEMENTATIONS = YES;
				CLANG_WARN_DIRECT_OBJC_ISA_USAGE = YES_ERROR;
				CLANG_WARN_DOCUMENTATION_COMMENTS = YES;
				CLANG_WARN_EMPTY_BODY = YES;
				CLANG_WARN_ENUM_CONVERSION = YES;
				CLANG_WARN_INFINITE_RECURSION = YES;
				CLANG_WARN_INT_CONVERSION = YES;
				CLANG_WARN_NON_LITERAL_NULL_CONVERSION = YES;
				CLANG_WARN_OBJC_IMPLICIT_RETAIN_SELF = YES;
				CLANG_WARN_OBJC_LITERAL_CONVERSION = YES;
				CLANG_WARN_OBJC_ROOT_CLASS = YES_ERROR;
				CLANG_WARN_QUOTED_INCLUDE_IN_FRAMEWORK_HEADER = YES;
				CLANG_WARN_RANGE_LOOP_ANALYSIS = YES;
				CLANG_WARN_STRICT_PROTOTYPES = YES;
				CLANG_WARN_SUSPICIOUS_MOVE = YES;
				CLANG_WARN_UNGUARDED_AVAILABILITY = YES_AGGRESSIVE;
				CLANG_WARN_UNREACHABLE_CODE = YES;
				CLANG_WARN__DUPLICATE_METHOD_MATCH = YES;
				COPY_PHASE_STRIP = NO;
				CURRENT_PROJECT_VERSION = 1;
				DEBUG_INFORMATION_FORMAT = dwarf;
				ENABLE_STRICT_OBJC_MSGSEND = YES;
				ENABLE_TESTABILITY = YES;
				GCC_C_LANGUAGE_STANDARD = gnu11;
				GCC_DYNAMIC_NO_PIC = NO;
				GCC_NO_COMMON_BLOCKS = YES;
				GCC_OPTIMIZATION_LEVEL = 0;
				GCC_PREPROCESSOR_DEFINITIONS = (
					"$(inherited)",
					"DEBUG=1",
				);
				GCC_WARN_64_TO_32_BIT_CONVERSION = YES;
				GCC_WARN_ABOUT_RETURN_TYPE = YES_ERROR;
				GCC_WARN_UNDECLARED_SELECTOR = YES;
				GCC_WARN_UNINITIALIZED_AUTOS = YES_AGGRESSIVE;
				GCC_WARN_UNUSED_FUNCTION = YES;
				GCC_WARN_UNUSED_VARIABLE = YES;
				MACOSX_DEPLOYMENT_TARGET = 13.0;
				MARKETING_VERSION = 1.0.0;
				MTL_ENABLE_DEBUG_INFO = INCLUDE_SOURCE;
				MTL_FAST_MATH = YES;
				ONLY_ACTIVE_ARCH = YES;
				PRODUCT_BUNDLE_IDENTIFIER = com.smoothmac.snapmaster;
				PRODUCT_NAME = "$(TARGET_NAME)";
				SDKROOT = macosx;
				SWIFT_ACTIVE_COMPILATION_CONDITIONS = DEBUG;
				SWIFT_OPTIMIZATION_LEVEL = "-Onone";
				SWIFT_VERSION = 5.9;
			};
			name = Debug;
		};
		CBF17E74C27155EF224FA9E7 /* Release */ = {
			isa = XCBuildConfiguration;
			buildSettings = {
				ASSETCATALOG_COMPILER_APPICON_NAME = AppIcon;
				CODE_SIGN_ENTITLEMENTS = SnapMaster/SnapMaster.entitlements;
				CODE_SIGN_STYLE = Automatic;
				COMBINE_HIDPI_IMAGES = YES;
				ENABLE_APP_SANDBOX = YES;
				ENABLE_HARDENED_RUNTIME = YES;
				INFOPLIST_FILE = SnapMaster/Info.plist;
				LD_RUNPATH_SEARCH_PATHS = (
					"$(inherited)",
					"@executable_path/../Frameworks",
				);
				SDKROOT = macosx;
			};
			name = Release;
		};
/* End XCBuildConfiguration section */

/* Begin XCConfigurationList section */
		5D13C70F4A7799B6AD694F88 /* Build configuration list for PBXNativeTarget "SnapMaster" */ = {
			isa = XCConfigurationList;
			buildConfigurations = (
				29E540693FD06223C64128EB /* Debug */,
				CBF17E74C27155EF224FA9E7 /* Release */,
			);
			defaultConfigurationIsVisible = 0;
			defaultConfigurationName = Debug;
		};
		FC4E6955F25DDE6A43AAC740 /* Build configuration list for PBXProject "SnapMaster" */ = {
			isa = XCConfigurationList;
			buildConfigurations = (
				A8D9D60BBE1EBE9755C11DFA /* Debug */,
				0E07D43E007024461A6680A8 /* Release */,
			);
			defaultConfigurationIsVisible = 0;
			defaultConfigurationName = Debug;
		};
/* End XCConfigurationList section */
	};
	rootObject = 4D89A073F5D37298AA6E55DD /* Project object */;
}
